# THIS IS AN AUTOGENERATED FILE. DO NOT EDIT THIS FILE DIRECTLY.
# yarn lockfile v1


"@types/node@^14.14.22":
  version "14.14.22"
  resolved "https://registry.yarnpkg.com/@types/node/-/node-14.14.22.tgz#0d29f382472c4ccf3bd96ff0ce47daf5b7b84b18"

"@types/prop-types@*":
  version "15.7.3"
  resolved "https://registry.yarnpkg.com/@types/prop-types/-/prop-types-15.7.3.tgz#2ab0d5da2e5815f94b0b9d4b95d1e5f243ab2ca7"

"@types/react-dom@^17.0.0":
  version "17.0.0"
  resolved "https://registry.yarnpkg.com/@types/react-dom/-/react-dom-17.0.0.tgz#b3b691eb956c4b3401777ee67b900cb28415d95a"
  dependencies:
    "@types/react" "*"

"@types/react@*", "@types/react@^17.0.1":
  version "17.0.1"
  resolved "https://registry.yarnpkg.com/@types/react/-/react-17.0.1.tgz#eb1f1407dea8da3bc741879c1192aa703ab9975b"
  dependencies:
    "@types/prop-types" "*"
    csstype "^3.0.2"

csstype@^3.0.2:
  version "3.0.6"
  resolved "https://registry.yarnpkg.com/csstype/-/csstype-3.0.6.tgz#865d0b5833d7d8d40f4e5b8a6d76aea3de4725ef"

typescript@^4.1.3:
  version "4.1.3"
  resolved "https://registry.yarnpkg.com/typescript/-/typescript-4.1.3.tgz#519d582bd94cba0cf8934c7d8e8467e473f53bb7"
